Microsoft Visual Studio Solution File, Format Version 11.00
# Visual Studio 2008

Project("{7460FB97-7758-551A-679B-661F8936094C}") = "baseProject", "Assembly-CSharp.csproj", "{5860E793-C4B7-D68C-A8FC-14FC71420B83}"
EndProject
Global
	GlobalSection(SolutionConfigurationPlatforms) = preSolution
		Debug|Any CPU = Debug|Any CPU
		Release|Any CPU = Release|Any CPU
	EndGlobalSection
	GlobalSection(ProjectConfigurationPlatforms) = postSolution
		{5860E793-C4B7-D68C-A8FC-14FC71420B83}.Debug|Any CPU.ActiveCfg = Debug|Any CPU
		{5860E793-C4B7-D68C-A8FC-14FC71420B83}.Debug|Any CPU.Build.0 = Debug|Any CPU
		{5860E793-C4B7-D68C-A8FC-14FC71420B83}.Release|Any CPU.ActiveCfg = Release|Any CPU
		{5860E793-C4B7-D68C-A8FC-14FC71420B83}.Release|Any CPU.Build.0 = Release|Any CPU
	EndGlobalSection
	GlobalSection(SolutionProperties) = preSolution
		HideSolutionNode = FALSE
	EndGlobalSection
	GlobalSection(MonoDevelopProperties) = preSolution
		StartupItem = Assembly-CSharp.csproj
	EndGlobalSection
EndGlobal
